
Microsoft Visual Studio Solution File, Format Version 12.00
# Visual Studio Version 17
VisualStudioVersion = 17.9.34616.47
MinimumVisualStudioVersion = 10.0.40219.1
Project("{FAE04EC0-301F-11D3-BF4B-00C04F79EFBC}") = "LAB3oop", "LAB3oop\LAB3oop.csproj", "{390DB77E-949D-4B94-B216-19E62C808D58}"
EndProject
Global
	GlobalSection(SolutionConfigurationPlatforms) = preSolution
		Debug|Any CPU = Debug|Any CPU
		Release|Any CPU = Release|Any CPU
	EndGlobalSection
	GlobalSection(ProjectConfigurationPlatforms) = postSolution
		{390DB77E-949D-4B94-B216-19E62C808D58}.Debug|Any CPU.ActiveCfg = Debug|Any CPU
		{390DB77E-949D-4B94-B216-19E62C808D58}.Debug|Any CPU.Build.0 = Debug|Any CPU
		{390DB77E-949D-4B94-B216-19E62C808D58}.Release|Any CPU.ActiveCfg = Release|Any CPU
		{390DB77E-949D-4B94-B216-19E62C808D58}.Release|Any CPU.Build.0 = Release|Any CPU
	EndGlobalSection
	GlobalSection(SolutionProperties) = preSolution
		HideSolutionNode = FALSE
	EndGlobalSection
	GlobalSection(ExtensibilityGlobals) = postSolution
		SolutionGuid = {9A9E9DAD-64A1-4F60-96C7-FCFD306F2EBC}
	EndGlobalSection
EndGlobal
